
Microsoft Visual Studio Solution File, Format Version 12.00
# Visual Studio 2013
VisualStudioVersion = 12.0.40629.0
MinimumVisualStudioVersion = 10.0.40219.1
Project("{8BC9CEB8-8B4A-11D0-8D11-00A0C91BC942}") = "MyWin81DXTKAudioTest1", "MyWin81DXTKAudioTest1.vcxproj", "{A24DEE1D-57D9-43D2-A19A-F840B6E1AB6B}"
EndProject
Global
	GlobalSection(SolutionConfigurationPlatforms) = preSolution
		Debug|ARM = Debug|ARM
		Debug|Win32 = Debug|Win32
		Debug|x64 = Debug|x64
		Release|ARM = Release|ARM
		Release|Win32 = Release|Win32
		Release|x64 = Release|x64
	EndGlobalSection
	GlobalSection(ProjectConfigurationPlatforms) = postSolution
		{A24DEE1D-57D9-43D2-A19A-F840B6E1AB6B}.Debug|ARM.ActiveCfg = Debug|ARM
		{A24DEE1D-57D9-43D2-A19A-F840B6E1AB6B}.Debug|ARM.Build.0 = Debug|ARM
		{A24DEE1D-57D9-43D2-A19A-F840B6E1AB6B}.Debug|ARM.Deploy.0 = Debug|ARM
		{A24DEE1D-57D9-43D2-A19A-F840B6E1AB6B}.Debug|Win32.ActiveCfg = Debug|Win32
		{A24DEE1D-57D9-43D2-A19A-F840B6E1AB6B}.Debug|Win32.Build.0 = Debug|Win32
		{A24DEE1D-57D9-43D2-A19A-F840B6E1AB6B}.Debug|Win32.Deploy.0 = Debug|Win32
		{A24DEE1D-57D9-43D2-A19A-F840B6E1AB6B}.Debug|x64.ActiveCfg = Debug|x64
		{A24DEE1D-57D9-43D2-A19A-F840B6E1AB6B}.Debug|x64.Build.0 = Debug|x64
		{A24DEE1D-57D9-43D2-A19A-F840B6E1AB6B}.Debug|x64.Deploy.0 = Debug|x64
		{A24DEE1D-57D9-43D2-A19A-F840B6E1AB6B}.Release|ARM.ActiveCfg = Release|ARM
		{A24DEE1D-57D9-43D2-A19A-F840B6E1AB6B}.Release|ARM.Build.0 = Release|ARM
		{A24DEE1D-57D9-43D2-A19A-F840B6E1AB6B}.Release|ARM.Deploy.0 = Release|ARM
		{A24DEE1D-57D9-43D2-A19A-F840B6E1AB6B}.Release|Win32.ActiveCfg = Release|Win32
		{A24DEE1D-57D9-43D2-A19A-F840B6E1AB6B}.Release|Win32.Build.0 = Release|Win32
		{A24DEE1D-57D9-43D2-A19A-F840B6E1AB6B}.Release|Win32.Deploy.0 = Release|Win32
		{A24DEE1D-57D9-43D2-A19A-F840B6E1AB6B}.Release|x64.ActiveCfg = Release|x64
		{A24DEE1D-57D9-43D2-A19A-F840B6E1AB6B}.Release|x64.Build.0 = Release|x64
		{A24DEE1D-57D9-43D2-A19A-F840B6E1AB6B}.Release|x64.Deploy.0 = Release|x64
	EndGlobalSection
	GlobalSection(SolutionProperties) = preSolution
		HideSolutionNode = FALSE
	EndGlobalSection
EndGlobal
