<?xml version="1.0" encoding="utf-8"?>
<Project ToolsVersion="14.0" xmlns="http://schemas.microsoft.com/developer/msbuild/2003">
  <ItemGroup>
    <Filter Include="Common">
      <UniqueIdentifier>5c54985a-516e-424f-949e-bf20503d8b89</UniqueIdentifier>
    </Filter>
    <Filter Include="Assets">
      <UniqueIdentifier>5cfed90f-6549-44ad-bdbc-66d9d7cb5c26</UniqueIdentifier>
      <Extensions>bmp;fbx;gif;jpg;jpeg;tga;tiff;tif;png</Extensions>
    </Filter>
    <Filter Include="MyAudioHelpers">
      <UniqueIdentifier>{b4397167-5ad0-47b2-af83-e5c136f5b565}</UniqueIdentifier>
    </Filter>
    <Filter Include="free_audio_assets">
      <UniqueIdentifier>{f791cbea-6072-43ad-9b8c-77b2ceb8bd99}</UniqueIdentifier>
    </Filter>
  </ItemGroup>
  <ItemGroup>
    <ApplicationDefinition Include="App.xaml" />
  </ItemGroup>
  <ItemGroup>
    <ClCompile Include="App.xaml.cpp" />
    <ClCompile Include="MainPage.xaml.cpp" />
    <ClCompile Include="pch.cpp" />
  </ItemGroup>
  <ItemGroup>
    <ClInclude Include="pch.h" />
    <ClInclude Include="App.xaml.h" />
    <ClInclude Include="MainPage.xaml.h" />
    <ClInclude Include="..\MyAudioHelpers\MyAudioPlayer.h">
      <Filter>MyAudioHelpers</Filter>
    </ClInclude>
    <ClInclude Include="..\MyAudioHelpers\MyAudioSet1.h">
      <Filter>MyAudioHelpers</Filter>
    </ClInclude>
  </ItemGroup>
  <ItemGroup>
    <Image Include="Assets\LockScreenLogo.scale-200.png">
      <Filter>Assets</Filter>
    </Image>
    <Image Include="Assets\SplashScreen.scale-200.png">
      <Filter>Assets</Filter>
    </Image>
    <Image Include="Assets\Square150x150Logo.scale-200.png">
      <Filter>Assets</Filter>
    </Image>
    <Image Include="Assets\Square44x44Logo.scale-200.png">
      <Filter>Assets</Filter>
    </Image>
    <Image Include="Assets\Square44x44Logo.targetsize-24_altform-unplated.png">
      <Filter>Assets</Filter>
    </Image>
    <Image Include="Assets\StoreLogo.png">
      <Filter>Assets</Filter>
    </Image>
    <Image Include="Assets\Wide310x150Logo.scale-200.png">
      <Filter>Assets</Filter>
    </Image>
  </ItemGroup>
  <ItemGroup>
    <AppxManifest Include="Package.appxmanifest" />
  </ItemGroup>
  <ItemGroup>
    <None Include="MyWin10DXTKAudioTest1_TemporaryKey.pfx" />
  </ItemGroup>
  <ItemGroup>
    <Page Include="MainPage.xaml" />
  </ItemGroup>
  <ItemGroup>
    <Media Include="..\free_audio_assets\bgm_maoudamashii_healing01.mp3">
      <Filter>free_audio_assets</Filter>
    </Media>
    <Media Include="..\free_audio_assets\se_maoudamashii_magical01.wav">
      <Filter>free_audio_assets</Filter>
    </Media>
    <Media Include="..\free_audio_assets\se_maoudamashii_magical02.wav">
      <Filter>free_audio_assets</Filter>
    </Media>
    <Media Include="..\free_audio_assets\se_maoudamashii_magical03.wav">
      <Filter>free_audio_assets</Filter>
    </Media>
    <Media Include="..\free_audio_assets\se_maoudamashii_magical07.wav">
      <Filter>free_audio_assets</Filter>
    </Media>
  </ItemGroup>
</Project>